
Microsoft Visual Studio Solution File, Format Version 12.00
# Visual Studio Version 16
VisualStudioVersion = 16.0.30204.135
MinimumVisualStudioVersion = 10.0.40219.1
Project("{FAE04EC0-301F-11D3-BF4B-00C04F79EFBC}") = "Supermercado.UWP", "Supermercado.UWP\Supermercado.UWP.csproj", "{5F45F9C4-CFBC-49E1-B72E-23B1836FF6C5}"
EndProject
Project("{FAE04EC0-301F-11D3-BF4B-00C04F79EFBC}") = "Supermercado.Android", "Supermercado.Android\Supermercado.Android.csproj", "{DDCC49A1-459C-4099-A3AB-DABE12479DD4}"
EndProject
Project("{FAE04EC0-301F-11D3-BF4B-00C04F79EFBC}") = "Supermercado.iOS", "Supermercado.iOS\Supermercado.iOS.csproj", "{9698DD99-C448-4ED6-AEE4-E490B4F8ED0F}"
EndProject
Project("{FAE04EC0-301F-11D3-BF4B-00C04F79EFBC}") = "Supermercado", "Supermercado\Supermercado.csproj", "{013068CE-BDCA-4DC1-848F-5A53B6D9691C}"
EndProject
Global
	GlobalSection(SolutionConfigurationPlatforms) = preSolution
		Debug|Any CPU = Debug|Any CPU
		Debug|ARM = Debug|ARM
		Debug|iPhone = Debug|iPhone
		Debug|iPhoneSimulator = Debug|iPhoneSimulator
		Debug|x64 = Debug|x64
		Debug|x86 = Debug|x86
		Release|Any CPU = Release|Any CPU
		Release|ARM = Release|ARM
		Release|iPhone = Release|iPhone
		Release|iPhoneSimulator = Release|iPhoneSimulator
		Release|x64 = Release|x64
		Release|x86 = Release|x86
	EndGlobalSection
	GlobalSection(ProjectConfigurationPlatforms) = postSolution
		{5F45F9C4-CFBC-49E1-B72E-23B1836FF6C5}.Debug|Any CPU.ActiveCfg = Debug|x86
		{5F45F9C4-CFBC-49E1-B72E-23B1836FF6C5}.Debug|Any CPU.Build.0 = Debug|x86
		{5F45F9C4-CFBC-49E1-B72E-23B1836FF6C5}.Debug|Any CPU.Deploy.0 = Debug|x86
		{5F45F9C4-CFBC-49E1-B72E-23B1836FF6C5}.Debug|ARM.ActiveCfg = Debug|ARM
		{5F45F9C4-CFBC-49E1-B72E-23B1836FF6C5}.Debug|ARM.Build.0 = Debug|ARM
		{5F45F9C4-CFBC-49E1-B72E-23B1836FF6C5}.Debug|ARM.Deploy.0 = Debug|ARM
		{5F45F9C4-CFBC-49E1-B72E-23B1836FF6C5}.Debug|iPhone.ActiveCfg = Debug|x86
		{5F45F9C4-CFBC-49E1-B72E-23B1836FF6C5}.Debug|iPhone.Build.0 = Debug|x86
		{5F45F9C4-CFBC-49E1-B72E-23B1836FF6C5}.Debug|iPhone.Deploy.0 = Debug|x86
		{5F45F9C4-CFBC-49E1-B72E-23B1836FF6C5}.Debug|iPhoneSimulator.ActiveCfg = Debug|x86
		{5F45F9C4-CFBC-49E1-B72E-23B1836FF6C5}.Debug|iPhoneSimulator.Build.0 = Debug|x86
		{5F45F9C4-CFBC-49E1-B72E-23B1836FF6C5}.Debug|iPhoneSimulator.Deploy.0 = Debug|x86
		{5F45F9C4-CFBC-49E1-B72E-23B1836FF6C5}.Debug|x64.ActiveCfg = Debug|x64
		{5F45F9C4-CFBC-49E1-B72E-23B1836FF6C5}.Debug|x64.Build.0 = Debug|x64
		{5F45F9C4-CFBC-49E1-B72E-23B1836FF6C5}.Debug|x64.Deploy.0 = Debug|x64
		{5F45F9C4-CFBC-49E1-B72E-23B1836FF6C5}.Debug|x86.ActiveCfg = Debug|x86
		{5F45F9C4-CFBC-49E1-B72E-23B1836FF6C5}.Debug|x86.Build.0 = Debug|x86
		{5F45F9C4-CFBC-49E1-B72E-23B1836FF6C5}.Debug|x86.Deploy.0 = Debug|x86
		{5F45F9C4-CFBC-49E1-B72E-23B1836FF6C5}.Release|Any CPU.ActiveCfg = Release|x86
		{5F45F9C4-CFBC-49E1-B72E-23B1836FF6C5}.Release|Any CPU.Build.0 = Release|x86
		{5F45F9C4-CFBC-49E1-B72E-23B1836FF6C5}.Release|Any CPU.Deploy.0 = Release|x86
		{5F45F9C4-CFBC-49E1-B72E-23B1836FF6C5}.Release|ARM.ActiveCfg = Release|ARM
		{5F45F9C4-CFBC-49E1-B72E-23B1836FF6C5}.Release|ARM.Build.0 = Release|ARM
		{5F45F9C4-CFBC-49E1-B72E-23B1836FF6C5}.Release|ARM.Deploy.0 = Release|ARM
		{5F45F9C4-CFBC-49E1-B72E-23B1836FF6C5}.Release|iPhone.ActiveCfg = Release|x86
		{5F45F9C4-CFBC-49E1-B72E-23B1836FF6C5}.Release|iPhone.Build.0 = Release|x86
		{5F45F9C4-CFBC-49E1-B72E-23B1836FF6C5}.Release|iPhone.Deploy.0 = Release|x86
		{5F45F9C4-CFBC-49E1-B72E-23B1836FF6C5}.Release|iPhoneSimulator.ActiveCfg = Release|x86
		{5F45F9C4-CFBC-49E1-B72E-23B1836FF6C5}.Release|iPhoneSimulator.Build.0 = Release|x86
		{5F45F9C4-CFBC-49E1-B72E-23B1836FF6C5}.Release|iPhoneSimulator.Deploy.0 = Release|x86
		{5F45F9C4-CFBC-49E1-B72E-23B1836FF6C5}.Release|x64.ActiveCfg = Release|x64
		{5F45F9C4-CFBC-49E1-B72E-23B1836FF6C5}.Release|x64.Build.0 = Release|x64
		{5F45F9C4-CFBC-49E1-B72E-23B1836FF6C5}.Release|x64.Deploy.0 = Release|x64
		{5F45F9C4-CFBC-49E1-B72E-23B1836FF6C5}.Release|x86.ActiveCfg = Release|x86
		{5F45F9C4-CFBC-49E1-B72E-23B1836FF6C5}.Release|x86.Build.0 = Release|x86
		{5F45F9C4-CFBC-49E1-B72E-23B1836FF6C5}.Release|x86.Deploy.0 = Release|x86
		{DDCC49A1-459C-4099-A3AB-DABE12479DD4}.Debug|Any CPU.ActiveCfg = Debug|Any CPU
		{DDCC49A1-459C-4099-A3AB-DABE12479DD4}.Debug|Any CPU.Build.0 = Debug|Any CPU
		{DDCC49A1-459C-4099-A3AB-DABE12479DD4}.Debug|Any CPU.Deploy.0 = Debug|Any CPU
		{DDCC49A1-459C-4099-A3AB-DABE12479DD4}.Debug|ARM.ActiveCfg = Debug|Any CPU
		{DDCC49A1-459C-4099-A3AB-DABE12479DD4}.Debug|ARM.Build.0 = Debug|Any CPU
		{DDCC49A1-459C-4099-A3AB-DABE12479DD4}.Debug|ARM.Deploy.0 = Debug|Any CPU
		{DDCC49A1-459C-4099-A3AB-DABE12479DD4}.Debug|iPhone.ActiveCfg = Debug|Any CPU
		{DDCC49A1-459C-4099-A3AB-DABE12479DD4}.Debug|iPhone.Build.0 = Debug|Any CPU
		{DDCC49A1-459C-4099-A3AB-DABE12479DD4}.Debug|iPhone.Deploy.0 = Debug|Any CPU
		{DDCC49A1-459C-4099-A3AB-DABE12479DD4}.Debug|iPhoneSimulator.ActiveCfg = Debug|Any CPU
		{DDCC49A1-459C-4099-A3AB-DABE12479DD4}.Debug|iPhoneSimulator.Build.0 = Debug|Any CPU
		{DDCC49A1-459C-4099-A3AB-DABE12479DD4}.Debug|iPhoneSimulator.Deploy.0 = Debug|Any CPU
		{DDCC49A1-459C-4099-A3AB-DABE12479DD4}.Debug|x64.ActiveCfg = Debug|Any CPU
		{DDCC49A1-459C-4099-A3AB-DABE12479DD4}.Debug|x64.Build.0 = Debug|Any CPU
		{DDCC49A1-459C-4099-A3AB-DABE12479DD4}.Debug|x64.Deploy.0 = Debug|Any CPU
		{DDCC49A1-459C-4099-A3AB-DABE12479DD4}.Debug|x86.ActiveCfg = Debug|Any CPU
		{DDCC49A1-459C-4099-A3AB-DABE12479DD4}.Debug|x86.Build.0 = Debug|Any CPU
		{DDCC49A1-459C-4099-A3AB-DABE12479DD4}.Debug|x86.Deploy.0 = Debug|Any CPU
		{DDCC49A1-459C-4099-A3AB-DABE12479DD4}.Release|Any CPU.ActiveCfg = Release|Any CPU
		{DDCC49A1-459C-4099-A3AB-DABE12479DD4}.Release|Any CPU.Build.0 = Release|Any CPU
		{DDCC49A1-459C-4099-A3AB-DABE12479DD4}.Release|Any CPU.Deploy.0 = Release|Any CPU
		{DDCC49A1-459C-4099-A3AB-DABE12479DD4}.Release|ARM.ActiveCfg = Release|Any CPU
		{DDCC49A1-459C-4099-A3AB-DABE12479DD4}.Release|ARM.Build.0 = Release|Any CPU
		{DDCC49A1-459C-4099-A3AB-DABE12479DD4}.Release|ARM.Deploy.0 = Release|Any CPU
		{DDCC49A1-459C-4099-A3AB-DABE12479DD4}.Release|iPhone.ActiveCfg = Release|Any CPU
		{DDCC49A1-459C-4099-A3AB-DABE12479DD4}.Release|iPhone.Build.0 = Release|Any CPU
		{DDCC49A1-459C-4099-A3AB-DABE12479DD4}.Release|iPhone.Deploy.0 = Release|Any CPU
		{DDCC49A1-459C-4099-A3AB-DABE12479DD4}.Release|iPhoneSimulator.ActiveCfg = Release|Any CPU
		{DDCC49A1-459C-4099-A3AB-DABE12479DD4}.Release|iPhoneSimulator.Build.0 = Release|Any CPU
		{DDCC49A1-459C-4099-A3AB-DABE12479DD4}.Release|iPhoneSimulator.Deploy.0 = Release|Any CPU
		{DDCC49A1-459C-4099-A3AB-DABE12479DD4}.Release|x64.ActiveCfg = Release|Any CPU
		{DDCC49A1-459C-4099-A3AB-DABE12479DD4}.Release|x64.Build.0 = Release|Any CPU
		{DDCC49A1-459C-4099-A3AB-DABE12479DD4}.Release|x64.Deploy.0 = Release|Any CPU
		{DDCC49A1-459C-4099-A3AB-DABE12479DD4}.Release|x86.ActiveCfg = Release|Any CPU
		{DDCC49A1-459C-4099-A3AB-DABE12479DD4}.Release|x86.Build.0 = Release|Any CPU
		{DDCC49A1-459C-4099-A3AB-DABE12479DD4}.Release|x86.Deploy.0 = Release|Any CPU
		{9698DD99-C448-4ED6-AEE4-E490B4F8ED0F}.Debug|Any CPU.ActiveCfg = Debug|iPhone
		{9698DD99-C448-4ED6-AEE4-E490B4F8ED0F}.Debug|Any CPU.Build.0 = Debug|iPhone
		{9698DD99-C448-4ED6-AEE4-E490B4F8ED0F}.Debug|Any CPU.Deploy.0 = Debug|iPhone
		{9698DD99-C448-4ED6-AEE4-E490B4F8ED0F}.Debug|ARM.ActiveCfg = Debug|iPhone
		{9698DD99-C448-4ED6-AEE4-E490B4F8ED0F}.Debug|ARM.Build.0 = Debug|iPhone
		{9698DD99-C448-4ED6-AEE4-E490B4F8ED0F}.Debug|ARM.Deploy.0 = Debug|iPhone
		{9698DD99-C448-4ED6-AEE4-E490B4F8ED0F}.Debug|iPhone.ActiveCfg = Debug|iPhone
		{9698DD99-C448-4ED6-AEE4-E490B4F8ED0F}.Debug|iPhone.Build.0 = Debug|iPhone
		{9698DD99-C448-4ED6-AEE4-E490B4F8ED0F}.Debug|iPhone.Deploy.0 = Debug|iPhone
		{9698DD99-C448-4ED6-AEE4-E490B4F8ED0F}.Debug|iPhoneSimulator.ActiveCfg = Debug|iPhoneSimulator
		{9698DD99-C448-4ED6-AEE4-E490B4F8ED0F}.Debug|iPhoneSimulator.Build.0 = Debug|iPhoneSimulator
		{9698DD99-C448-4ED6-AEE4-E490B4F8ED0F}.Debug|iPhoneSimulator.Deploy.0 = Debug|iPhoneSimulator
		{9698DD99-C448-4ED6-AEE4-E490B4F8ED0F}.Debug|x64.ActiveCfg = Debug|iPhone
		{9698DD99-C448-4ED6-AEE4-E490B4F8ED0F}.Debug|x64.Build.0 = Debug|iPhone
		{9698DD99-C448-4ED6-AEE4-E490B4F8ED0F}.Debug|x64.Deploy.0 = Debug|iPhone
		{9698DD99-C448-4ED6-AEE4-E490B4F8ED0F}.Debug|x86.ActiveCfg = Debug|iPhone
		{9698DD99-C448-4ED6-AEE4-E490B4F8ED0F}.Debug|x86.Build.0 = Debug|iPhone
		{9698DD99-C448-4ED6-AEE4-E490B4F8ED0F}.Debug|x86.Deploy.0 = Debug|iPhone
		{9698DD99-C448-4ED6-AEE4-E490B4F8ED0F}.Release|Any CPU.ActiveCfg = Release|iPhone
		{9698DD99-C448-4ED6-AEE4-E490B4F8ED0F}.Release|Any CPU.Build.0 = Release|iPhone
		{9698DD99-C448-4ED6-AEE4-E490B4F8ED0F}.Release|Any CPU.Deploy.0 = Release|iPhone
		{9698DD99-C448-4ED6-AEE4-E490B4F8ED0F}.Release|ARM.ActiveCfg = Release|iPhone
		{9698DD99-C448-4ED6-AEE4-E490B4F8ED0F}.Release|ARM.Build.0 = Release|iPhone
		{9698DD99-C448-4ED6-AEE4-E490B4F8ED0F}.Release|ARM.Deploy.0 = Release|iPhone
		{9698DD99-C448-4ED6-AEE4-E490B4F8ED0F}.Release|iPhone.ActiveCfg = Release|iPhone
		{9698DD99-C448-4ED6-AEE4-E490B4F8ED0F}.Release|iPhone.Build.0 = Release|iPhone
		{9698DD99-C448-4ED6-AEE4-E490B4F8ED0F}.Release|iPhone.Deploy.0 = Release|iPhone
		{9698DD99-C448-4ED6-AEE4-E490B4F8ED0F}.Release|iPhoneSimulator.ActiveCfg = Release|iPhoneSimulator
		{9698DD99-C448-4ED6-AEE4-E490B4F8ED0F}.Release|iPhoneSimulator.Build.0 = Release|iPhoneSimulator
		{9698DD99-C448-4ED6-AEE4-E490B4F8ED0F}.Release|iPhoneSimulator.Deploy.0 = Release|iPhoneSimulator
		{9698DD99-C448-4ED6-AEE4-E490B4F8ED0F}.Release|x64.ActiveCfg = Release|iPhone
		{9698DD99-C448-4ED6-AEE4-E490B4F8ED0F}.Release|x64.Build.0 = Release|iPhone
		{9698DD99-C448-4ED6-AEE4-E490B4F8ED0F}.Release|x64.Deploy.0 = Release|iPhone
		{9698DD99-C448-4ED6-AEE4-E490B4F8ED0F}.Release|x86.ActiveCfg = Release|iPhone
		{9698DD99-C448-4ED6-AEE4-E490B4F8ED0F}.Release|x86.Build.0 = Release|iPhone
		{9698DD99-C448-4ED6-AEE4-E490B4F8ED0F}.Release|x86.Deploy.0 = Release|iPhone
		{013068CE-BDCA-4DC1-848F-5A53B6D9691C}.Debug|Any CPU.ActiveCfg = Debug|Any CPU
		{013068CE-BDCA-4DC1-848F-5A53B6D9691C}.Debug|Any CPU.Build.0 = Debug|Any CPU
		{013068CE-BDCA-4DC1-848F-5A53B6D9691C}.Debug|Any CPU.Deploy.0 = Debug|Any CPU
		{013068CE-BDCA-4DC1-848F-5A53B6D9691C}.Debug|ARM.ActiveCfg = Debug|Any CPU
		{013068CE-BDCA-4DC1-848F-5A53B6D9691C}.Debug|ARM.Build.0 = Debug|Any CPU
		{013068CE-BDCA-4DC1-848F-5A53B6D9691C}.Debug|ARM.Deploy.0 = Debug|Any CPU
		{013068CE-BDCA-4DC1-848F-5A53B6D9691C}.Debug|iPhone.ActiveCfg = Debug|Any CPU
		{013068CE-BDCA-4DC1-848F-5A53B6D9691C}.Debug|iPhone.Build.0 = Debug|Any CPU
		{013068CE-BDCA-4DC1-848F-5A53B6D9691C}.Debug|iPhone.Deploy.0 = Debug|Any CPU
		{013068CE-BDCA-4DC1-848F-5A53B6D9691C}.Debug|iPhoneSimulator.ActiveCfg = Debug|Any CPU
		{013068CE-BDCA-4DC1-848F-5A53B6D9691C}.Debug|iPhoneSimulator.Build.0 = Debug|Any CPU
		{013068CE-BDCA-4DC1-848F-5A53B6D9691C}.Debug|iPhoneSimulator.Deploy.0 = Debug|Any CPU
		{013068CE-BDCA-4DC1-848F-5A53B6D9691C}.Debug|x64.ActiveCfg = Debug|Any CPU
		{013068CE-BDCA-4DC1-848F-5A53B6D9691C}.Debug|x64.Build.0 = Debug|Any CPU
		{013068CE-BDCA-4DC1-848F-5A53B6D9691C}.Debug|x64.Deploy.0 = Debug|Any CPU
		{013068CE-BDCA-4DC1-848F-5A53B6D9691C}.Debug|x86.ActiveCfg = Debug|Any CPU
		{013068CE-BDCA-4DC1-848F-5A53B6D9691C}.Debug|x86.Build.0 = Debug|Any CPU
		{013068CE-BDCA-4DC1-848F-5A53B6D9691C}.Debug|x86.Deploy.0 = Debug|Any CPU
		{013068CE-BDCA-4DC1-848F-5A53B6D9691C}.Release|Any CPU.ActiveCfg = Release|Any CPU
		{013068CE-BDCA-4DC1-848F-5A53B6D9691C}.Release|Any CPU.Build.0 = Release|Any CPU
		{013068CE-BDCA-4DC1-848F-5A53B6D9691C}.Release|Any CPU.Deploy.0 = Release|Any CPU
		{013068CE-BDCA-4DC1-848F-5A53B6D9691C}.Release|ARM.ActiveCfg = Release|Any CPU
		{013068CE-BDCA-4DC1-848F-5A53B6D9691C}.Release|ARM.Build.0 = Release|Any CPU
		{013068CE-BDCA-4DC1-848F-5A53B6D9691C}.Release|ARM.Deploy.0 = Release|Any CPU
		{013068CE-BDCA-4DC1-848F-5A53B6D9691C}.Release|iPhone.ActiveCfg = Release|Any CPU
		{013068CE-BDCA-4DC1-848F-5A53B6D9691C}.Release|iPhone.Build.0 = Release|Any CPU
		{013068CE-BDCA-4DC1-848F-5A53B6D9691C}.Release|iPhone.Deploy.0 = Release|Any CPU
		{013068CE-BDCA-4DC1-848F-5A53B6D9691C}.Release|iPhoneSimulator.ActiveCfg = Release|Any CPU
		{013068CE-BDCA-4DC1-848F-5A53B6D9691C}.Release|iPhoneSimulator.Build.0 = Release|Any CPU
		{013068CE-BDCA-4DC1-848F-5A53B6D9691C}.Release|iPhoneSimulator.Deploy.0 = Release|Any CPU
		{013068CE-BDCA-4DC1-848F-5A53B6D9691C}.Release|x64.ActiveCfg = Release|Any CPU
		{013068CE-BDCA-4DC1-848F-5A53B6D9691C}.Release|x64.Build.0 = Release|Any CPU
		{013068CE-BDCA-4DC1-848F-5A53B6D9691C}.Release|x64.Deploy.0 = Release|Any CPU
		{013068CE-BDCA-4DC1-848F-5A53B6D9691C}.Release|x86.ActiveCfg = Release|Any CPU
		{013068CE-BDCA-4DC1-848F-5A53B6D9691C}.Release|x86.Build.0 = Release|Any CPU
		{013068CE-BDCA-4DC1-848F-5A53B6D9691C}.Release|x86.Deploy.0 = Release|Any CPU
	EndGlobalSection
	GlobalSection(SolutionProperties) = preSolution
		HideSolutionNode = FALSE
	EndGlobalSection
	GlobalSection(ExtensibilityGlobals) = postSolution
		SolutionGuid = {6B670C14-ED6E-47E9-BDF8-2A1F7A6ED922}
	EndGlobalSection
EndGlobal
